
Microsoft Visual Studio Solution File, Format Version 12.00
# Visual Studio Version 16
VisualStudioVersion = 25.0.1706.11
MinimumVisualStudioVersion = 10.0.40219.1
Project("{FAE04EC0-301F-11D3-BF4B-00C04F79EFBC}") = "MethodsExercise3", "MethodsExercise3.csproj", "{9768F66E-35B1-4457-9BF2-501F1BBC10FE}"
EndProject
Global
	GlobalSection(SolutionConfigurationPlatforms) = preSolution
		Debug|Any CPU = Debug|Any CPU
		Release|Any CPU = Release|Any CPU
	EndGlobalSection
	GlobalSection(ProjectConfigurationPlatforms) = postSolution
		{9768F66E-35B1-4457-9BF2-501F1BBC10FE}.Debug|Any CPU.ActiveCfg = Debug|Any CPU
		{9768F66E-35B1-4457-9BF2-501F1BBC10FE}.Debug|Any CPU.Build.0 = Debug|Any CPU
		{9768F66E-35B1-4457-9BF2-501F1BBC10FE}.Release|Any CPU.ActiveCfg = Release|Any CPU
		{9768F66E-35B1-4457-9BF2-501F1BBC10FE}.Release|Any CPU.Build.0 = Release|Any CPU
	EndGlobalSection
	GlobalSection(SolutionProperties) = preSolution
		HideSolutionNode = FALSE
	EndGlobalSection
	GlobalSection(ExtensibilityGlobals) = postSolution
		SolutionGuid = {8F57E799-86F2-4CB8-99E4-F441C34BEAD6}
	EndGlobalSection
EndGlobal
